// !$*UTF8*$!
// Copyright © 2026 Vladimir Uvarov. All rights reserved.
{
	archiveVersion = 1;
	classes = {};
	objectVersion = 56;
	objects = {
		7CE6076C5057F25BB9DF6166 = { isa = PBXFileReference; lastKnownFileType = sourcecode.swift; path = "ApexArchiveApp.swift"; sourceTree = "<group>"; };
		E4D0461329760ECCA595810F = { isa = PBXBuildFile; fileRef = 7CE6076C5057F25BB9DF6166; };
		0F26C78D874EA3A49E70C566 = { isa = PBXFileReference; lastKnownFileType = sourcecode.swift; path = "AppDependencies.swift"; sourceTree = "<group>"; };
		F056D5781089E9C296E668BA = { isa = PBXBuildFile; fileRef = 0F26C78D874EA3A49E70C566; };
		00D8A9D0A66A419FF0A51246 = { isa = PBXFileReference; lastKnownFileType = sourcecode.swift; path = "AppTab.swift"; sourceTree = "<group>"; };
		D87F1485CD79DBE8176E961A = { isa = PBXBuildFile; fileRef = 00D8A9D0A66A419FF0A51246; };
		72FE0029D53DBF500F932720 = { isa = PBXFileReference; lastKnownFileType = sourcecode.swift; path = "LaunchScreenView.swift"; sourceTree = "<group>"; };
		0F10F0A53788DEC8D0934AF3 = { isa = PBXBuildFile; fileRef = 72FE0029D53DBF500F932720; };
		14C5FDC3F4B3590F9EA0E861 = { isa = PBXFileReference; lastKnownFileType = sourcecode.swift; path = "RootView.swift"; sourceTree = "<group>"; };
		A53CB5657FA9FDCA5AAC3548 = { isa = PBXBuildFile; fileRef = 14C5FDC3F4B3590F9EA0E861; };
		8CEB644F8EA0B5D88F5CEEBA = { isa = PBXGroup; children = (7CE6076C5057F25BB9DF6166, 0F26C78D874EA3A49E70C566, 00D8A9D0A66A419FF0A51246, 72FE0029D53DBF500F932720, 14C5FDC3F4B3590F9EA0E861); path = "App"; sourceTree = "<group>"; };
		27188F82C6433F149FC3676C = { isa = PBXFileReference; lastKnownFileType = sourcecode.swift; path = "CarCard.swift"; sourceTree = "<group>"; };
		F73E278CB5BB705BBF0FA2CE = { isa = PBXBuildFile; fileRef = 27188F82C6433F149FC3676C; };
		0517165C374888291538F717 = { isa = PBXFileReference; lastKnownFileType = sourcecode.swift; path = "DriverArtwork.swift"; sourceTree = "<group>"; };
		B4D2BDDA975E5163D0E54623 = { isa = PBXBuildFile; fileRef = 0517165C374888291538F717; };
		7696C3A0E81318E4402ACA1A = { isa = PBXFileReference; lastKnownFileType = sourcecode.swift; path = "DriverCard.swift"; sourceTree = "<group>"; };
		CB1BA9DCB518B6B093E60CA2 = { isa = PBXBuildFile; fileRef = 7696C3A0E81318E4402ACA1A; };
		32E85E58415853D16FFC2A07 = { isa = PBXFileReference; lastKnownFileType = sourcecode.swift; path = "DriverContributionBadge.swift"; sourceTree = "<group>"; };
		ABE217E4F6279075558EED99 = { isa = PBXBuildFile; fileRef = 32E85E58415853D16FFC2A07; };
		1C77FD32D561878D18F9FD90 = { isa = PBXFileReference; lastKnownFileType = sourcecode.swift; path = "DriverPlaceholderView.swift"; sourceTree = "<group>"; };
		AF6D80EDFB468061B6F48F47 = { isa = PBXBuildFile; fileRef = 1C77FD32D561878D18F9FD90; };
		7131B41E2596EBB2A3E37289 = { isa = PBXFileReference; lastKnownFileType = sourcecode.swift; path = "Eyebrow.swift"; sourceTree = "<group>"; };
		3CB9B4B4A09EE1E295A7C6CE = { isa = PBXBuildFile; fileRef = 7131B41E2596EBB2A3E37289; };
		BC6B864EFCC79912DDF4E4F9 = { isa = PBXFileReference; lastKnownFileType = sourcecode.swift; path = "PhotoCreditButton.swift"; sourceTree = "<group>"; };
		158F34953FD62F5B9626E970 = { isa = PBXBuildFile; fileRef = BC6B864EFCC79912DDF4E4F9; };
		AD28D828726BDCCB31C72128 = { isa = PBXFileReference; lastKnownFileType = sourcecode.swift; path = "PhotoCreditView.swift"; sourceTree = "<group>"; };
		3D48D64709C9C0FFD807998C = { isa = PBXBuildFile; fileRef = AD28D828726BDCCB31C72128; };
		9105F05ACC7B98B1572FF8DC = { isa = PBXFileReference; lastKnownFileType = sourcecode.swift; path = "PhotoView.swift"; sourceTree = "<group>"; };
		92C1A128E720544A7A2E85B6 = { isa = PBXBuildFile; fileRef = 9105F05ACC7B98B1572FF8DC; };
		90C2A09924AF014CB5118112 = { isa = PBXFileReference; lastKnownFileType = sourcecode.swift; path = "SectionTitle.swift"; sourceTree = "<group>"; };
		7F3CFE9A426876DDDE193F70 = { isa = PBXBuildFile; fileRef = 90C2A09924AF014CB5118112; };
		6472903B7B9435E9134C58C8 = { isa = PBXFileReference; lastKnownFileType = sourcecode.swift; path = "SourceView.swift"; sourceTree = "<group>"; };
		6AB9BEC502E37392E15AF6F8 = { isa = PBXBuildFile; fileRef = 6472903B7B9435E9134C58C8; };
		8EC35A816E3F3A60A49C64EC = { isa = PBXGroup; children = (27188F82C6433F149FC3676C, 0517165C374888291538F717, 7696C3A0E81318E4402ACA1A, 32E85E58415853D16FFC2A07, 1C77FD32D561878D18F9FD90, 7131B41E2596EBB2A3E37289, BC6B864EFCC79912DDF4E4F9, AD28D828726BDCCB31C72128, 9105F05ACC7B98B1572FF8DC, 90C2A09924AF014CB5118112, 6472903B7B9435E9134C58C8); path = "Components"; sourceTree = "<group>"; };
		0328F88BA20E0443BF0A503D = { isa = PBXFileReference; lastKnownFileType = sourcecode.swift; path = "DriverCategory.swift"; sourceTree = "<group>"; };
		624973AD063B26EFCB4F59AB = { isa = PBXBuildFile; fileRef = 0328F88BA20E0443BF0A503D; };
		A08C5889A447AED1CF9C2EE3 = { isa = PBXGroup; children = (D2F1B1224894BBF01D0D1808, 63900C2DEC6D65365CDB82EB, 0328F88BA20E0443BF0A503D); path = "Extensions"; sourceTree = "<group>"; };
		C66EE90B2FE1516DFCF8D625 = { isa = PBXFileReference; lastKnownFileType = sourcecode.swift; path = "EditorialText.swift"; sourceTree = "<group>"; };
		404A071B10F59070B5C4E63C = { isa = PBXBuildFile; fileRef = C66EE90B2FE1516DFCF8D625; };
		44DAC5BB8CE3615E9637A7B3 = { isa = PBXGroup; children = (C66EE90B2FE1516DFCF8D625); path = "Localization"; sourceTree = "<group>"; };
		005FACFF3C62F83913630A3E = { isa = PBXFileReference; lastKnownFileType = sourcecode.swift; path = "ArchiveStyle.swift"; sourceTree = "<group>"; };
		1BF1FCCD46F48B2501AA6545 = { isa = PBXBuildFile; fileRef = 005FACFF3C62F83913630A3E; };
		36C83EBE32966B616F6BD8C0 = { isa = PBXFileReference; lastKnownFileType = sourcecode.swift; path = "DesignTokens.swift"; sourceTree = "<group>"; };
		3FA14415D6AB09521D777990 = { isa = PBXBuildFile; fileRef = 36C83EBE32966B616F6BD8C0; };
		92BC2E2B88289F534699DF11 = { isa = PBXFileReference; lastKnownFileType = sourcecode.swift; path = "MotionTokens.swift"; sourceTree = "<group>"; };
		4677AA11265BE6C8701EC920 = { isa = PBXBuildFile; fileRef = 92BC2E2B88289F534699DF11; };
		521F7AA028EFE31DB4B969AF = { isa = PBXGroup; children = (8EC35A816E3F3A60A49C64EC, A08C5889A447AED1CF9C2EE3, 44DAC5BB8CE3615E9637A7B3, 005FACFF3C62F83913630A3E, 36C83EBE32966B616F6BD8C0, 92BC2E2B88289F534699DF11); path = "Design"; sourceTree = "<group>"; };
		3973F76A07AE150DE20CBC76 = { isa = PBXFileReference; lastKnownFileType = sourcecode.swift; path = "AboutView.swift"; sourceTree = "<group>"; };
		1E7665197B83E5A74A00FC54 = { isa = PBXBuildFile; fileRef = 3973F76A07AE150DE20CBC76; };
		92E5BCD3CBDEB38FD4E07631 = { isa = PBXGroup; children = (3973F76A07AE150DE20CBC76); path = "About"; sourceTree = "<group>"; };
		917C7563C089746BA67D98FD = { isa = PBXFileReference; lastKnownFileType = sourcecode.swift; path = "CarDetailView.swift"; sourceTree = "<group>"; };
		FEA9AFDD92255C7FA70E34DF = { isa = PBXBuildFile; fileRef = 917C7563C089746BA67D98FD; };
		239BBF7E9E9D09FF2AF28691 = { isa = PBXGroup; children = (917C7563C089746BA67D98FD); path = "CarDetail"; sourceTree = "<group>"; };
		965DE8F77907C018D176148B = { isa = PBXFileReference; lastKnownFileType = sourcecode.swift; path = "CircuitCard.swift"; sourceTree = "<group>"; };
		FB09F99202044F0D0A1E69DB = { isa = PBXBuildFile; fileRef = 965DE8F77907C018D176148B; };
		CAA47A00BE93839A3B4C98BE = { isa = PBXFileReference; lastKnownFileType = sourcecode.swift; path = "CircuitDetailView.swift"; sourceTree = "<group>"; };
		1B1BD945CC5FB9A365171659 = { isa = PBXBuildFile; fileRef = CAA47A00BE93839A3B4C98BE; };
		A53F363EFB03CE32F09518F0 = { isa = PBXFileReference; lastKnownFileType = sourcecode.swift; path = "CircuitOutlineView.swift"; sourceTree = "<group>"; };
		C72CDF19D80BE68139C5A6FC = { isa = PBXBuildFile; fileRef = A53F363EFB03CE32F09518F0; };
		778D4C3726DF528EFA663E5F = { isa = PBXFileReference; lastKnownFileType = sourcecode.swift; path = "CircuitsScreen.swift"; sourceTree = "<group>"; };
		4BC0602599F4248676D30AC2 = { isa = PBXBuildFile; fileRef = 778D4C3726DF528EFA663E5F; };
		6E909F350852756CB85F32AE = { isa = PBXFileReference; lastKnownFileType = sourcecode.swift; path = "CountryFlag.swift"; sourceTree = "<group>"; };
		2A62794E1968CF943726EEB7 = { isa = PBXBuildFile; fileRef = 6E909F350852756CB85F32AE; };
		05FD741FB28FCA44A763BC67 = { isa = PBXGroup; children = (965DE8F77907C018D176148B, CAA47A00BE93839A3B4C98BE, A53F363EFB03CE32F09518F0, 778D4C3726DF528EFA663E5F, 6E909F350852756CB85F32AE); path = "Circuits"; sourceTree = "<group>"; };
		435E94A03FE686FA5A822544 = { isa = PBXFileReference; lastKnownFileType = sourcecode.swift; path = "ComparisonDriverPicker.swift"; sourceTree = "<group>"; };
		604E5C9948FCD8835159345D = { isa = PBXBuildFile; fileRef = 435E94A03FE686FA5A822544; };
		8D6E2DF0668B6925AE11D46F = { isa = PBXFileReference; lastKnownFileType = sourcecode.swift; path = "ComparisonRecordView.swift"; sourceTree = "<group>"; };
		988CC2B2C12F4222DC3359DE = { isa = PBXBuildFile; fileRef = 8D6E2DF0668B6925AE11D46F; };
		D9B0B0816B02976CD39BBAC1 = { isa = PBXFileReference; lastKnownFileType = sourcecode.swift; path = "DriverComparisonScreen.swift"; sourceTree = "<group>"; };
		33D7AA4A48A84D7802200586 = { isa = PBXBuildFile; fileRef = D9B0B0816B02976CD39BBAC1; };
		22745D742E9EB1A58C00DECA = { isa = PBXGroup; children = (435E94A03FE686FA5A822544, 8D6E2DF0668B6925AE11D46F, D9B0B0816B02976CD39BBAC1); path = "Comparison"; sourceTree = "<group>"; };
		B1288929004C3BD44EC85214 = { isa = PBXFileReference; lastKnownFileType = sourcecode.swift; path = "ArchiveActivitiesView.swift"; sourceTree = "<group>"; };
		92018A63BFCB40AA091CF542 = { isa = PBXBuildFile; fileRef = B1288929004C3BD44EC85214; };
		22D3310933EB9A7B60F1D242 = { isa = PBXFileReference; lastKnownFileType = sourcecode.swift; path = "CareerLeaderRow.swift"; sourceTree = "<group>"; };
		07629CEB81B8D925990BF113 = { isa = PBXBuildFile; fileRef = 22D3310933EB9A7B60F1D242; };
		77956EEB71670891D46BE9F1 = { isa = PBXFileReference; lastKnownFileType = sourcecode.swift; path = "CareerLeadersScreen.swift"; sourceTree = "<group>"; };
		1BB50E18C1E1079B25D0D2E5 = { isa = PBXBuildFile; fileRef = 77956EEB71670891D46BE9F1; };
		63900C2DEC6D65365CDB82EB = { isa = PBXFileReference; lastKnownFileType = sourcecode.swift; path = "CareerMetric.swift"; sourceTree = "<group>"; };
		07C2F000D054CA2701A23E43 = { isa = PBXBuildFile; fileRef = 63900C2DEC6D65365CDB82EB; };
		E86A31F8539716DF94764851 = { isa = PBXFileReference; lastKnownFileType = sourcecode.swift; path = "DiscoverHighlightsView.swift"; sourceTree = "<group>"; };
		6F08AB7FFD898BF45A15948F = { isa = PBXBuildFile; fileRef = E86A31F8539716DF94764851; };
		E315F858C7EFF67722EA4B04 = { isa = PBXFileReference; lastKnownFileType = sourcecode.swift; path = "DiscoverRecordStoriesView.swift"; sourceTree = "<group>"; };
		BBDD76A07AA65ACA87714D07 = { isa = PBXBuildFile; fileRef = E315F858C7EFF67722EA4B04; };
		5835CAF33E7E0B7B529DF88B = { isa = PBXFileReference; lastKnownFileType = sourcecode.swift; path = "DiscoverView.swift"; sourceTree = "<group>"; };
		6C0C76C370E20B05256B1BC5 = { isa = PBXBuildFile; fileRef = 5835CAF33E7E0B7B529DF88B; };
		0F273DA00485A8B8EAA19258 = { isa = PBXGroup; children = (B1288929004C3BD44EC85214, 22D3310933EB9A7B60F1D242, 77956EEB71670891D46BE9F1, E86A31F8539716DF94764851, E315F858C7EFF67722EA4B04, 5835CAF33E7E0B7B529DF88B); path = "Discover"; sourceTree = "<group>"; };
		389669A14FE6EF43B5C6B714 = { isa = PBXFileReference; lastKnownFileType = sourcecode.swift; path = "CareerOverviewView.swift"; sourceTree = "<group>"; };
		EFEFB33290E2A6D3439936D2 = { isa = PBXBuildFile; fileRef = 389669A14FE6EF43B5C6B714; };
		3BD2F031AAA5B1ECFA8C4744 = { isa = PBXFileReference; lastKnownFileType = sourcecode.swift; path = "CareerTimelineView.swift"; sourceTree = "<group>"; };
		5951C075A2606111BDB7F8D2 = { isa = PBXBuildFile; fileRef = 3BD2F031AAA5B1ECFA8C4744; };
		59977C9AED70D39D6FFDAB85 = { isa = PBXFileReference; lastKnownFileType = sourcecode.swift; path = "DriverDetailScreen.swift"; sourceTree = "<group>"; };
		FCCE91E104349F7AF7A8F75C = { isa = PBXBuildFile; fileRef = 59977C9AED70D39D6FFDAB85; };
		1EF7192FA6E796B8DA9819A6 = { isa = PBXFileReference; lastKnownFileType = sourcecode.swift; path = "DriverDetailView.swift"; sourceTree = "<group>"; };
		81429C3BBC290D2C91202F45 = { isa = PBXBuildFile; fileRef = 1EF7192FA6E796B8DA9819A6; };
		D2193C57BA556576E86D026E = { isa = PBXFileReference; lastKnownFileType = sourcecode.swift; path = "DriverLifeStoriesView.swift"; sourceTree = "<group>"; };
		0AE6473FFC6B17950971FA03 = { isa = PBXBuildFile; fileRef = D2193C57BA556576E86D026E; };
		9A990BE239E78DDD57EF612C = { isa = PBXFileReference; lastKnownFileType = sourcecode.swift; path = "RecordSection.swift"; sourceTree = "<group>"; };
		B5A45C235D164498F5FE28A7 = { isa = PBXBuildFile; fileRef = 9A990BE239E78DDD57EF612C; };
		A49520BD2052C8D4423EC24A = { isa = PBXGroup; children = (389669A14FE6EF43B5C6B714, 3BD2F031AAA5B1ECFA8C4744, 59977C9AED70D39D6FFDAB85, 1EF7192FA6E796B8DA9819A6, D2193C57BA556576E86D026E, 9A990BE239E78DDD57EF612C); path = "DriverDetail"; sourceTree = "<group>"; };
		B595C7B6BC013CABC048B5E4 = { isa = PBXFileReference; lastKnownFileType = sourcecode.swift; path = "DriversView.swift"; sourceTree = "<group>"; };
		743C2B0C192DA749778EC196 = { isa = PBXBuildFile; fileRef = B595C7B6BC013CABC048B5E4; };
		5D64AFC5D96159A08C44ACCA = { isa = PBXGroup; children = (B595C7B6BC013CABC048B5E4); path = "Drivers"; sourceTree = "<group>"; };
		15B9E222998FDA3026835BCB = { isa = PBXFileReference; lastKnownFileType = sourcecode.swift; path = "GarageView.swift"; sourceTree = "<group>"; };
		B8EE18DBD11051DCE294B6D0 = { isa = PBXBuildFile; fileRef = 15B9E222998FDA3026835BCB; };
		5E904DBF198C6D2DC5F89EC9 = { isa = PBXGroup; children = (15B9E222998FDA3026835BCB); path = "Garage"; sourceTree = "<group>"; };
		526C48660460609F85091743 = { isa = PBXFileReference; lastKnownFileType = sourcecode.swift; path = "HeritageScreen.swift"; sourceTree = "<group>"; };
		A19C8FA04ED0671252C39E26 = { isa = PBXBuildFile; fileRef = 526C48660460609F85091743; };
		CC07F650ED13F149F7BA0119 = { isa = PBXFileReference; lastKnownFileType = sourcecode.swift; path = "TeamDetailView.swift"; sourceTree = "<group>"; };
		8DF972B7D7CF0E49AD64916C = { isa = PBXBuildFile; fileRef = CC07F650ED13F149F7BA0119; };
		8CDF0A416158B4031C2BBEA8 = { isa = PBXFileReference; lastKnownFileType = sourcecode.swift; path = "TeamHistoryView.swift"; sourceTree = "<group>"; };
		D947AE382EC4237B6F0CB644 = { isa = PBXBuildFile; fileRef = 8CDF0A416158B4031C2BBEA8; };
		8FDB9C2F7D65C3C472275365 = { isa = PBXGroup; children = (526C48660460609F85091743, CC07F650ED13F149F7BA0119, 8CDF0A416158B4031C2BBEA8); path = "Heritage"; sourceTree = "<group>"; };
		4CB5106395AB3B576A84AECE = { isa = PBXFileReference; lastKnownFileType = sourcecode.swift; path = "LegalDocument.swift"; sourceTree = "<group>"; };
		769B5C8A561694AD3AFF7697 = { isa = PBXBuildFile; fileRef = 4CB5106395AB3B576A84AECE; };
		434D1E4C2FA4CD4850DB57FC = { isa = PBXFileReference; lastKnownFileType = sourcecode.swift; path = "LegalDocumentView.swift"; sourceTree = "<group>"; };
		DB11D4F3C92EC9935F2F8619 = { isa = PBXBuildFile; fileRef = 434D1E4C2FA4CD4850DB57FC; };
		6D2C520E4711FF902ADD4896 = { isa = PBXGroup; children = (4CB5106395AB3B576A84AECE, 434D1E4C2FA4CD4850DB57FC); path = "Legal"; sourceTree = "<group>"; };
		C66AC2CFA1B13AB45F9ED0D4 = { isa = PBXFileReference; lastKnownFileType = sourcecode.swift; path = "QuizMenuView.swift"; sourceTree = "<group>"; };
		C5CDCDC6CDDF19CFC70460A7 = { isa = PBXBuildFile; fileRef = C66AC2CFA1B13AB45F9ED0D4; };
		EDC5E240BBCA0DCD7166C6BF = { isa = PBXFileReference; lastKnownFileType = sourcecode.swift; path = "QuizQuestionView.swift"; sourceTree = "<group>"; };
		1CF5F760B84EDABEE0B6467F = { isa = PBXBuildFile; fileRef = EDC5E240BBCA0DCD7166C6BF; };
		4D2456AA3DB5C37D0E571F37 = { isa = PBXFileReference; lastKnownFileType = sourcecode.swift; path = "QuizScreen.swift"; sourceTree = "<group>"; };
		47C5DDFA4854B6E4D66EB707 = { isa = PBXBuildFile; fileRef = 4D2456AA3DB5C37D0E571F37; };
		8973CF7AA191A8758EDF0AA3 = { isa = PBXFileReference; lastKnownFileType = sourcecode.swift; path = "TriviaCatalog.swift"; sourceTree = "<group>"; };
		19AECB224D1929B019445101 = { isa = PBXBuildFile; fileRef = 8973CF7AA191A8758EDF0AA3; };
		62DEF9DBD605727E8227C813 = { isa = PBXGroup; children = (C66AC2CFA1B13AB45F9ED0D4, EDC5E240BBCA0DCD7166C6BF, 4D2456AA3DB5C37D0E571F37, 8973CF7AA191A8758EDF0AA3); path = "Quiz"; sourceTree = "<group>"; };
		2C8D6338AFB0B7296904FA58 = { isa = PBXFileReference; lastKnownFileType = sourcecode.swift; path = "SavedDriversView.swift"; sourceTree = "<group>"; };
		496807A82A891B61A96F0EEB = { isa = PBXBuildFile; fileRef = 2C8D6338AFB0B7296904FA58; };
		E913E34E09E3E94999ED9325 = { isa = PBXGroup; children = (2C8D6338AFB0B7296904FA58); path = "SavedDrivers"; sourceTree = "<group>"; };
		D2F1B1224894BBF01D0D1808 = { isa = PBXFileReference; lastKnownFileType = sourcecode.swift; path = "AppIcon.swift"; sourceTree = "<group>"; };
		529F12E6E9CDCEFCC331F372 = { isa = PBXBuildFile; fileRef = D2F1B1224894BBF01D0D1808; };
		FCB0E729B0C05CA43E72A929 = { isa = PBXFileReference; lastKnownFileType = sourcecode.swift; path = "IconOptionView.swift"; sourceTree = "<group>"; };
		094964FDC0ECE752268F295C = { isa = PBXBuildFile; fileRef = FCB0E729B0C05CA43E72A929; };
		824F41C915021F3CD1CE9C61 = { isa = PBXFileReference; lastKnownFileType = sourcecode.swift; path = "SettingsStyle.swift"; sourceTree = "<group>"; };
		63F38F582724D1283C128176 = { isa = PBXBuildFile; fileRef = 824F41C915021F3CD1CE9C61; };
		65B3745ECA4F9707400A3523 = { isa = PBXFileReference; lastKnownFileType = sourcecode.swift; path = "SettingsView.swift"; sourceTree = "<group>"; };
		7E69449AA15499A3ABFFBDC3 = { isa = PBXBuildFile; fileRef = 65B3745ECA4F9707400A3523; };
		A54CD6C3F1E463BF25122566 = { isa = PBXGroup; children = (FCB0E729B0C05CA43E72A929, 824F41C915021F3CD1CE9C61, 65B3745ECA4F9707400A3523); path = "Settings"; sourceTree = "<group>"; };
		87B27F0202B840C9A8016E57 = { isa = PBXGroup; children = (92E5BCD3CBDEB38FD4E07631, 239BBF7E9E9D09FF2AF28691, 05FD741FB28FCA44A763BC67, 22745D742E9EB1A58C00DECA, 0F273DA00485A8B8EAA19258, A49520BD2052C8D4423EC24A, 5D64AFC5D96159A08C44ACCA, 5E904DBF198C6D2DC5F89EC9, 8FDB9C2F7D65C3C472275365, 6D2C520E4711FF902ADD4896, 62DEF9DBD605727E8227C813, E913E34E09E3E94999ED9325, A54CD6C3F1E463BF25122566); path = "Features"; sourceTree = "<group>"; };
		6F1DAD43EB0659590713FE2E = { isa = PBXFileReference; lastKnownFileType = sourcecode.swift; path = "SystemAppIconService.swift"; sourceTree = "<group>"; };
		9B68840B8ADD8578D7624CEF = { isa = PBXBuildFile; fileRef = 6F1DAD43EB0659590713FE2E; };
		C1C2BD08CF9A83E1A7C25C4E = { isa = PBXGroup; children = (6F1DAD43EB0659590713FE2E); path = "Icons"; sourceTree = "<group>"; };
		4D67F4FB784FB3BEEAF55789 = { isa = PBXGroup; children = (C1C2BD08CF9A83E1A7C25C4E); path = "Platform"; sourceTree = "<group>"; };
		6121312E6E0B39D9C995826A = { isa = PBXFileReference; lastKnownFileType = folder.assetcatalog; path = "Assets.xcassets"; sourceTree = "<group>"; };
		E199C708707DDB4B4BC7697F = { isa = PBXBuildFile; fileRef = 6121312E6E0B39D9C995826A; };
		50101711188E33C9B5554720 = { isa = PBXFileReference; lastKnownFileType = text.xml; path = "App-Information.txt"; sourceTree = "<group>"; };
		622A87D57C18F682593D37F0 = { isa = PBXBuildFile; fileRef = 50101711188E33C9B5554720; };
		96F77B0CB2FB3CD710835659 = { isa = PBXFileReference; lastKnownFileType = text.xml; path = "F1DB-LICENSE.txt"; sourceTree = "<group>"; };
		450887DA15747FC5D5AA6EF7 = { isa = PBXBuildFile; fileRef = 96F77B0CB2FB3CD710835659; };
		A6A62DE818931BB685971244 = { isa = PBXFileReference; lastKnownFileType = text.json.xcstrings; path = "Localizable.xcstrings"; sourceTree = "<group>"; };
		4AED7DE8C1225D3F65E4D1EA = { isa = PBXBuildFile; fileRef = A6A62DE818931BB685971244; };
		B7EB7DE108127A8ABFE453E0 = { isa = PBXFileReference; lastKnownFileType = text.xml; path = "Privacy-Information.txt"; sourceTree = "<group>"; };
		004B4E3A96941E1C55911038 = { isa = PBXBuildFile; fileRef = B7EB7DE108127A8ABFE453E0; };
		BDC61D58E8F3C6DB383270D3 = { isa = PBXFileReference; lastKnownFileType = text.xml; path = "PrivacyInfo.xcprivacy"; sourceTree = "<group>"; };
		3E8389817D28108EB19A8EB1 = { isa = PBXBuildFile; fileRef = BDC61D58E8F3C6DB383270D3; };
		69E846629AA5605433FE59E3 = { isa = PBXFileReference; lastKnownFileType = text.xml; path = "Third-Party-Notices.txt"; sourceTree = "<group>"; };
		74EF6EE5145DA9C86A489686 = { isa = PBXBuildFile; fileRef = 69E846629AA5605433FE59E3; };
		2A49C9B2F12AB3792C2F09BD = { isa = PBXFileReference; lastKnownFileType = text.xml; path = "ZIPFoundation-LICENSE.txt"; sourceTree = "<group>"; };
		7CA384327508FD65E5765FA3 = { isa = PBXBuildFile; fileRef = 2A49C9B2F12AB3792C2F09BD; };
		FB3F20CB9E34BAE2FE49605E = { isa = PBXGroup; children = (6121312E6E0B39D9C995826A, 50101711188E33C9B5554720, 96F77B0CB2FB3CD710835659, A6A62DE818931BB685971244, B7EB7DE108127A8ABFE453E0, BDC61D58E8F3C6DB383270D3, 69E846629AA5605433FE59E3, 2A49C9B2F12AB3792C2F09BD); path = "Resources"; sourceTree = "<group>"; };
		18E24173631354718FB7FD86 = { isa = PBXGroup; children = (8CEB644F8EA0B5D88F5CEEBA, 521F7AA028EFE31DB4B969AF, 87B27F0202B840C9A8016E57, 4D67F4FB784FB3BEEAF55789, FB3F20CB9E34BAE2FE49605E); path = "ApexArchive"; sourceTree = "<group>"; };
		35FDED0B61343B58010A5CA3 = { isa = PBXFileReference; lastKnownFileType = wrapper; path = Packages/ArchiveKit; sourceTree = "<group>"; };
		EDEBDB7C8C19B289106FAD11 = { isa = XCLocalSwiftPackageReference; relativePath = Packages/ArchiveKit; };
		B9074B1E49FB5A6E382E802D = { isa = PBXFileReference; explicitFileType = wrapper.application; path = ApexArchive.app; sourceTree = BUILT_PRODUCTS_DIR; };
		FBDC4F23F93125BBEEAE800C = { isa = PBXGroup; children = (B9074B1E49FB5A6E382E802D); name = Products; sourceTree = "<group>"; };
		B28B7AF69320201D1CF206EB = { isa = PBXGroup; children = (18E24173631354718FB7FD86, 35FDED0B61343B58010A5CA3, FBDC4F23F93125BBEEAE800C); sourceTree = "<group>"; };
		E87AE1EB2D67ADBA94EBB0D6 = { isa = XCSwiftPackageProductDependency; package = EDEBDB7C8C19B289106FAD11; productName = ArchiveDomain; };
		4568EBB64E41F3DA6BF347D1 = { isa = PBXBuildFile; productRef = E87AE1EB2D67ADBA94EBB0D6; };
		E149D3262450A5B5935D4D3E = { isa = XCSwiftPackageProductDependency; package = EDEBDB7C8C19B289106FAD11; productName = ArchiveData; };
		E379F8ED1CD12BC31996562A = { isa = PBXBuildFile; productRef = E149D3262450A5B5935D4D3E; };
		041879B39BC92E08E50C0B26 = { isa = XCSwiftPackageProductDependency; package = EDEBDB7C8C19B289106FAD11; productName = ArchivePresentation; };
		048081FFC1939AE3513D5856 = { isa = PBXBuildFile; productRef = 041879B39BC92E08E50C0B26; };
		B7A2E96A4920BCF2F1BF3456 = { isa = PBXSourcesBuildPhase; buildActionMask = 2147483647; files = (E4D0461329760ECCA595810F, F056D5781089E9C296E668BA, D87F1485CD79DBE8176E961A, 0F10F0A53788DEC8D0934AF3, A53CB5657FA9FDCA5AAC3548, F73E278CB5BB705BBF0FA2CE, B4D2BDDA975E5163D0E54623, CB1BA9DCB518B6B093E60CA2, ABE217E4F6279075558EED99, AF6D80EDFB468061B6F48F47, 3CB9B4B4A09EE1E295A7C6CE, 158F34953FD62F5B9626E970, 3D48D64709C9C0FFD807998C, 92C1A128E720544A7A2E85B6, 7F3CFE9A426876DDDE193F70, 6AB9BEC502E37392E15AF6F8, 624973AD063B26EFCB4F59AB, 404A071B10F59070B5C4E63C, 1BF1FCCD46F48B2501AA6545, 3FA14415D6AB09521D777990, 4677AA11265BE6C8701EC920, 1E7665197B83E5A74A00FC54, FEA9AFDD92255C7FA70E34DF, FB09F99202044F0D0A1E69DB, 1B1BD945CC5FB9A365171659, C72CDF19D80BE68139C5A6FC, 4BC0602599F4248676D30AC2, 2A62794E1968CF943726EEB7, 604E5C9948FCD8835159345D, 988CC2B2C12F4222DC3359DE, 33D7AA4A48A84D7802200586, 92018A63BFCB40AA091CF542, 07629CEB81B8D925990BF113, 1BB50E18C1E1079B25D0D2E5, 07C2F000D054CA2701A23E43, 6F08AB7FFD898BF45A15948F, BBDD76A07AA65ACA87714D07, 6C0C76C370E20B05256B1BC5, EFEFB33290E2A6D3439936D2, 5951C075A2606111BDB7F8D2, FCCE91E104349F7AF7A8F75C, 81429C3BBC290D2C91202F45, 0AE6473FFC6B17950971FA03, B5A45C235D164498F5FE28A7, 743C2B0C192DA749778EC196, B8EE18DBD11051DCE294B6D0, A19C8FA04ED0671252C39E26, 8DF972B7D7CF0E49AD64916C, D947AE382EC4237B6F0CB644, 769B5C8A561694AD3AFF7697, DB11D4F3C92EC9935F2F8619, C5CDCDC6CDDF19CFC70460A7, 1CF5F760B84EDABEE0B6467F, 47C5DDFA4854B6E4D66EB707, 19AECB224D1929B019445101, 496807A82A891B61A96F0EEB, 529F12E6E9CDCEFCC331F372, 094964FDC0ECE752268F295C, 63F38F582724D1283C128176, 7E69449AA15499A3ABFFBDC3, 9B68840B8ADD8578D7624CEF); runOnlyForDeploymentPostprocessing = 0; };
		3D3AA06F4A80099544551DBF = { isa = PBXFrameworksBuildPhase; buildActionMask = 2147483647; files = (4568EBB64E41F3DA6BF347D1, E379F8ED1CD12BC31996562A, 048081FFC1939AE3513D5856); runOnlyForDeploymentPostprocessing = 0; };
		0189424A5A60FED329FA868E = { isa = PBXResourcesBuildPhase; buildActionMask = 2147483647; files = (E199C708707DDB4B4BC7697F, 622A87D57C18F682593D37F0, 450887DA15747FC5D5AA6EF7, 4AED7DE8C1225D3F65E4D1EA, 004B4E3A96941E1C55911038, 3E8389817D28108EB19A8EB1, 74EF6EE5145DA9C86A489686, 7CA384327508FD65E5765FA3); runOnlyForDeploymentPostprocessing = 0; };
		CACD8F8D7E01D03300A42FA5 = { isa = XCBuildConfiguration; name = Debug; buildSettings = { SDKROOT = iphoneos; IPHONEOS_DEPLOYMENT_TARGET = 17.0; CLANG_ENABLE_MODULES = YES;  }; };
		B2C3C6A624C4C8479FDD1FBF = { isa = XCBuildConfiguration; name = Release; buildSettings = { SDKROOT = iphoneos; IPHONEOS_DEPLOYMENT_TARGET = 17.0; CLANG_ENABLE_MODULES = YES;  }; };
		366C5C7E88EA5C462948689C = { isa = XCConfigurationList; buildConfigurations = (CACD8F8D7E01D03300A42FA5, B2C3C6A624C4C8479FDD1FBF); defaultConfigurationIsVisible = 0; defaultConfigurationName = Release; };
		011BF300D90BC3E2429BF463 = { isa = XCBuildConfiguration; name = Debug; buildSettings = { SDKROOT = iphoneos; IPHONEOS_DEPLOYMENT_TARGET = 17.0; CLANG_ENABLE_MODULES = YES; SWIFT_VERSION = 6.0; SWIFT_STRICT_CONCURRENCY = complete; PRODUCT_NAME = "$(TARGET_NAME)"; SWIFT_EMIT_LOC_STRINGS = YES; PRODUCT_BUNDLE_IDENTIFIER = com.example.apexarchive; GENERATE_INFOPLIST_FILE = YES; INFOPLIST_KEY_CFBundleDisplayName = "Apex Archive"; INFOPLIST_FILE = Configuration/Info.plist; INFOPLIST_KEY_UIApplicationSceneManifest_Generation = YES; INFOPLIST_KEY_UISupportedInterfaceOrientations = "UIInterfaceOrientationPortrait UIInterfaceOrientationLandscapeLeft UIInterfaceOrientationLandscapeRight UIInterfaceOrientationPortraitUpsideDown"; TARGETED_DEVICE_FAMILY = "1,2"; SUPPORTED_PLATFORMS = "iphoneos iphonesimulator"; CODE_SIGN_STYLE = Automatic; MARKETING_VERSION = 0.2.0; CURRENT_PROJECT_VERSION = 2; ASSETCATALOG_COMPILER_APPICON_NAME = AppIcon; ASSETCATALOG_COMPILER_ALTERNATE_APPICON_NAMES = "AppIconCrimson AppIconGlacier AppIconPearl"; SWIFT_ACTIVE_COMPILATION_CONDITIONS = DEBUG; ONLY_ACTIVE_ARCH = YES; SWIFT_OPTIMIZATION_LEVEL = "-Onone";  }; };
		4C2B9496919A212775AC3B78 = { isa = XCBuildConfiguration; name = Release; buildSettings = { SDKROOT = iphoneos; IPHONEOS_DEPLOYMENT_TARGET = 17.0; CLANG_ENABLE_MODULES = YES; SWIFT_VERSION = 6.0; SWIFT_STRICT_CONCURRENCY = complete; PRODUCT_NAME = "$(TARGET_NAME)"; SWIFT_EMIT_LOC_STRINGS = YES; PRODUCT_BUNDLE_IDENTIFIER = com.example.apexarchive; GENERATE_INFOPLIST_FILE = YES; INFOPLIST_KEY_CFBundleDisplayName = "Apex Archive"; INFOPLIST_FILE = Configuration/Info.plist; INFOPLIST_KEY_UIApplicationSceneManifest_Generation = YES; INFOPLIST_KEY_UISupportedInterfaceOrientations = "UIInterfaceOrientationPortrait UIInterfaceOrientationLandscapeLeft UIInterfaceOrientationLandscapeRight UIInterfaceOrientationPortraitUpsideDown"; TARGETED_DEVICE_FAMILY = "1,2"; SUPPORTED_PLATFORMS = "iphoneos iphonesimulator"; CODE_SIGN_STYLE = Automatic; MARKETING_VERSION = 0.2.0; CURRENT_PROJECT_VERSION = 2; ASSETCATALOG_COMPILER_APPICON_NAME = AppIcon; ASSETCATALOG_COMPILER_ALTERNATE_APPICON_NAMES = "AppIconCrimson AppIconGlacier AppIconPearl"; ONLY_ACTIVE_ARCH = NO; SWIFT_OPTIMIZATION_LEVEL = "-O";  }; };
		E6552BB0F775FE55C84C75B7 = { isa = XCConfigurationList; buildConfigurations = (011BF300D90BC3E2429BF463, 4C2B9496919A212775AC3B78); defaultConfigurationIsVisible = 0; defaultConfigurationName = Release; };
		0B245FBCE7B6F8CC1B11F344 = { isa = PBXNativeTarget; buildConfigurationList = E6552BB0F775FE55C84C75B7; buildPhases = (B7A2E96A4920BCF2F1BF3456, 3D3AA06F4A80099544551DBF, 0189424A5A60FED329FA868E); buildRules = (); packageProductDependencies = (E87AE1EB2D67ADBA94EBB0D6, E149D3262450A5B5935D4D3E, 041879B39BC92E08E50C0B26); dependencies = (); name = ApexArchive; productName = ApexArchive; productReference = B9074B1E49FB5A6E382E802D; productType = "com.apple.product-type.application"; };
		98F54143AB4E86B28C3AFEE0 = { isa = PBXProject; attributes = { LastUpgradeCheck = 2620; }; buildConfigurationList = 366C5C7E88EA5C462948689C; compatibilityVersion = "Xcode 14.0"; developmentRegion = en; knownRegions = (en, Base); mainGroup = B28B7AF69320201D1CF206EB; productRefGroup = FBDC4F23F93125BBEEAE800C; projectDirPath = ""; projectRoot = ""; packageReferences = (EDEBDB7C8C19B289106FAD11); targets = (0B245FBCE7B6F8CC1B11F344); };
	};
	rootObject = 98F54143AB4E86B28C3AFEE0;
}
